
Microsoft Visual Studio Solution File, Format Version 12.00
# Visual Studio Version 17
VisualStudioVersion = 17.9.34622.214
MinimumVisualStudioVersion = 10.0.40219.1
Project("{9A19103F-16F7-4668-BE54-9A1E7A4F7556}") = "SimpleInventoryManagementSystem", "SimpleInventoryManagementSystem.csproj", "{1E99CCA9-389B-463C-A84D-4EEA0EA03BDD}"
EndProject
Global
	GlobalSection(SolutionConfigurationPlatforms) = preSolution
		Debug|Any CPU = Debug|Any CPU
		Release|Any CPU = Release|Any CPU
	EndGlobalSection
	GlobalSection(ProjectConfigurationPlatforms) = postSolution
		{1E99CCA9-389B-463C-A84D-4EEA0EA03BDD}.Debug|Any CPU.ActiveCfg = Debug|Any CPU
		{1E99CCA9-389B-463C-A84D-4EEA0EA03BDD}.Debug|Any CPU.Build.0 = Debug|Any CPU
		{1E99CCA9-389B-463C-A84D-4EEA0EA03BDD}.Release|Any CPU.ActiveCfg = Release|Any CPU
		{1E99CCA9-389B-463C-A84D-4EEA0EA03BDD}.Release|Any CPU.Build.0 = Release|Any CPU
	EndGlobalSection
	GlobalSection(SolutionProperties) = preSolution
		HideSolutionNode = FALSE
	EndGlobalSection
	GlobalSection(ExtensibilityGlobals) = postSolution
		SolutionGuid = {8613A04A-905D-4972-8AAE-94BAB2787BEB}
	EndGlobalSection
EndGlobal
